{
  "name": "vizlib",
  "version": "1.0",
  "lockfileVersion": 3,
  "requires": true,
  "packages": {
    "": {
      "name": "vizlib",
      "version": "1.0",
      "license": "ISC",
      "devDependencies": {
        "@thi.ng/grid-iterators": "^4.0.73",
        "@thi.ng/iterators": "^6.1.49",
        "@types/three": "^0.162.0",
        "liveprinter-core": "github:pixelpusher/liveprinter-core",
        "three": "^0.152.2",
        "vite": "^4.3.9"
      }
    },
    "node_modules/@esbuild/linux-x64": {
      "version": "0.18.20",
      "resolved": "https://registry.npmjs.org/@esbuild/linux-x64/-/linux-x64-0.18.20.tgz",
      "integrity": "sha512-UYqiqemphJcNsFEskc73jQ7B9jgwjWrSayxawS6UVFZGWrAAtkzjxSqnoclCXxWtfwLdzU+vTpcNYhpn43uP1w==",
      "cpu": [
        "x64"
      ],
      "dev": true,
      "license": "MIT",
      "optional": true,
      "os": [
        "linux"
      ],
      "engines": {
        "node": ">=12"
      }
    },
    "node_modules/@thi.ng/api": {
      "version": "8.11.16",
      "resolved": "https://registry.npmjs.org/@thi.ng/api/-/api-8.11.16.tgz",
      "integrity": "sha512-oj+0200uoXWrctv8WFs/Ea0tuLtA5hlplf7KoIgr4tlJMFBr0l9d2xTplcNqg12D77jQqrETiUGaGRpF5zdZTg==",
      "dev": true,
      "funding": [
        {
          "type": "github",
          "url": "https://github.com/sponsors/postspectacular"
        },
        {
          "type": "patreon",
          "url": "https://patreon.com/thing_umbrella"
        },
        {
          "type": "liberapay",
          "url": "https://liberapay.com/thi.ng"
        }
      ],
      "license": "Apache-2.0",
      "engines": {
        "node": ">=18"
      }
    },
    "node_modules/@thi.ng/arrays": {
      "version": "2.10.10",
      "resolved": "https://registry.npmjs.org/@thi.ng/arrays/-/arrays-2.10.10.tgz",
      "integrity": "sha512-oD6CmPpEv/OHQ8lS1aB4ZaPI+43DhnD4EVPUmsQ76Kpr+V8SmnC4FzQAKC4WaipsvvzO/DsPns1iF4FdvMh57g==",
      "dev": true,
      "funding": [
        {
          "type": "github",
          "url": "https://github.com/sponsors/postspectacular"
        },
        {
          "type": "patreon",
          "url": "https://patreon.com/thing_umbrella"
        },
        {
          "type": "liberapay",
          "url": "https://liberapay.com/thi.ng"
        }
      ],
      "license": "Apache-2.0",
      "dependencies": {
        "@thi.ng/api": "^8.11.16",
        "@thi.ng/checks": "^3.6.19",
        "@thi.ng/compare": "^2.4.8",
        "@thi.ng/equiv": "^2.1.72",
        "@thi.ng/errors": "^2.5.22",
        "@thi.ng/random": "^4.1.7"
      },
      "engines": {
        "node": ">=18"
      }
    },
    "node_modules/@thi.ng/binary": {
      "version": "3.4.39",
      "resolved": "https://registry.npmjs.org/@thi.ng/binary/-/binary-3.4.39.tgz",
      "integrity": "sha512-56l4ihdOin7aHFv2ApPSsK65HB5nGnKoOAQQVmW1Sl1kn92q/6X2BG8nn+WBYVWs8AyUEb9pPXXGwt9wq6UDuw==",
      "dev": true,
      "funding": [
        {
          "type": "github",
          "url": "https://github.com/sponsors/postspectacular"
        },
        {
          "type": "patreon",
          "url": "https://patreon.com/thing_umbrella"
        },
        {
          "type": "liberapay",
          "url": "https://liberapay.com/thi.ng"
        }
      ],
      "license": "Apache-2.0",
      "dependencies": {
        "@thi.ng/api": "^8.11.16"
      },
      "engines": {
        "node": ">=18"
      }
    },
    "node_modules/@thi.ng/bitfield": {
      "version": "2.3.60",
      "resolved": "https://registry.npmjs.org/@thi.ng/bitfield/-/bitfield-2.3.60.tgz",
      "integrity": "sha512-pN1FuC9cosoQtYCWVjwROhtj/TeyPjT3W4xA3vBkH1dfEKjaSw6/lxzonSpIUJMktNjPPBDZEej+mo4iU096qQ==",
      "dev": true,
      "funding": [
        {
          "type": "github",
          "url": "https://github.com/sponsors/postspectacular"
        },
        {
          "type": "patreon",
          "url": "https://patreon.com/thing_umbrella"
        },
        {
          "type": "liberapay",
          "url": "https://liberapay.com/thi.ng"
        }
      ],
      "license": "Apache-2.0",
      "dependencies": {
        "@thi.ng/api": "^8.11.16",
        "@thi.ng/binary": "^3.4.39",
        "@thi.ng/errors": "^2.5.22",
        "@thi.ng/strings": "^3.9.0"
      },
      "engines": {
        "node": ">=18"
      }
    },
    "node_modules/@thi.ng/checks": {
      "version": "3.6.19",
      "resolved": "https://registry.npmjs.org/@thi.ng/checks/-/checks-3.6.19.tgz",
      "integrity": "sha512-/RvKnPh1twPb+EKLeQBJhaKaELWPMjVM4a5MJN9z/PD10hfe1QCpedo4XWI9vwz18GmWM7kGoJw4Cpfn0scpUQ==",
      "dev": true,
      "funding": [
        {
          "type": "github",
          "url": "https://github.com/sponsors/postspectacular"
        },
        {
          "type": "patreon",
          "url": "https://patreon.com/thing_umbrella"
        },
        {
          "type": "liberapay",
          "url": "https://liberapay.com/thi.ng"
        }
      ],
      "license": "Apache-2.0",
      "dependencies": {
        "tslib": "^2.8.1"
      },
      "engines": {
        "node": ">=18"
      }
    },
    "node_modules/@thi.ng/compare": {
      "version": "2.4.8",
      "resolved": "https://registry.npmjs.org/@thi.ng/compare/-/compare-2.4.8.tgz",
      "integrity": "sha512-/UEUgC8UwQhf0DBhMMPOGw/VgedBIm/AUJw04wgTBrks6Xlu+iG32PRl3yImUX0R0KHAjq0ZzI6ofY+J1iQGRg==",
      "dev": true,
      "funding": [
        {
          "type": "github",
          "url": "https://github.com/sponsors/postspectacular"
        },
        {
          "type": "patreon",
          "url": "https://patreon.com/thing_umbrella"
        },
        {
          "type": "liberapay",
          "url": "https://liberapay.com/thi.ng"
        }
      ],
      "license": "Apache-2.0",
      "dependencies": {
        "@thi.ng/api": "^8.11.16"
      },
      "engines": {
        "node": ">=18"
      }
    },
    "node_modules/@thi.ng/compose": {
      "version": "3.0.19",
      "resolved": "https://registry.npmjs.org/@thi.ng/compose/-/compose-3.0.19.tgz",
      "integrity": "sha512-3IsIqERwxIXxOknCW6xsIgdytPvqoURpPQF7YyrnUOMRR+ya4V4EDZZetaNvZCTzz+xRN2HYyuIOBIy/D8+mmw==",
      "dev": true,
      "funding": [
        {
          "type": "github",
          "url": "https://github.com/sponsors/postspectacular"
        },
        {
          "type": "patreon",
          "url": "https://patreon.com/thing_umbrella"
        },
        {
          "type": "liberapay",
          "url": "https://liberapay.com/thi.ng"
        }
      ],
      "license": "Apache-2.0",
      "dependencies": {
        "@thi.ng/api": "^8.11.16",
        "@thi.ng/errors": "^2.5.22"
      },
      "engines": {
        "node": ">=18"
      }
    },
    "node_modules/@thi.ng/dcons": {
      "version": "3.2.137",
      "resolved": "https://registry.npmjs.org/@thi.ng/dcons/-/dcons-3.2.137.tgz",
      "integrity": "sha512-vBvnxI03GRjWVBmo31ScKKi8aLLfRID1HIF/jzudhvOOo/1H1mmi2C8Kku2hB533P6cTQIENERgxqZEEPfzfHA==",
      "dev": true,
      "funding": [
        {
          "type": "github",
          "url": "https://github.com/sponsors/postspectacular"
        },
        {
          "type": "patreon",
          "url": "https://patreon.com/thing_umbrella"
        },
        {
          "type": "liberapay",
          "url": "https://liberapay.com/thi.ng"
        }
      ],
      "license": "Apache-2.0",
      "dependencies": {
        "@thi.ng/api": "^8.11.16",
        "@thi.ng/checks": "^3.6.19",
        "@thi.ng/compare": "^2.4.8",
        "@thi.ng/equiv": "^2.1.72",
        "@thi.ng/errors": "^2.5.22",
        "@thi.ng/random": "^4.1.7",
        "@thi.ng/transducers": "^9.2.13"
      },
      "engines": {
        "node": ">=18"
      }
    },
    "node_modules/@thi.ng/equiv": {
      "version": "2.1.72",
      "resolved": "https://registry.npmjs.org/@thi.ng/equiv/-/equiv-2.1.72.tgz",
      "integrity": "sha512-BNrbl/r8MQAtzRWE/H4pCsA+3j/1L56c1vPobFAPeNsV25x7Wkhhm9mFmmwUQsd+Ezh8MbgbXY5TGy7apbSkiA==",
      "dev": true,
      "funding": [
        {
          "type": "github",
          "url": "https://github.com/sponsors/postspectacular"
        },
        {
          "type": "patreon",
          "url": "https://patreon.com/thing_umbrella"
        },
        {
          "type": "liberapay",
          "url": "https://liberapay.com/thi.ng"
        }
      ],
      "license": "Apache-2.0",
      "engines": {
        "node": ">=18"
      }
    },
    "node_modules/@thi.ng/errors": {
      "version": "2.5.22",
      "resolved": "https://registry.npmjs.org/@thi.ng/errors/-/errors-2.5.22.tgz",
      "integrity": "sha512-O7Vrdn6mlzfm9iKhGiVs1TibrNXhNjkwguTpFkkU2awZG/5ssOYidXU6RVZMqOFOvW6IQfN0nDbhvtqoNYse/w==",
      "dev": true,
      "funding": [
        {
          "type": "github",
          "url": "https://github.com/sponsors/postspectacular"
        },
        {
          "type": "patreon",
          "url": "https://patreon.com/thing_umbrella"
        },
        {
          "type": "liberapay",
          "url": "https://liberapay.com/thi.ng"
        }
      ],
      "license": "Apache-2.0",
      "engines": {
        "node": ">=18"
      }
    },
    "node_modules/@thi.ng/grid-iterators": {
      "version": "4.0.101",
      "resolved": "https://registry.npmjs.org/@thi.ng/grid-iterators/-/grid-iterators-4.0.101.tgz",
      "integrity": "sha512-j2qXaFMqGD6Z/CKGzczr617uqZb2Z8Nv64f+/AkepAmOq9pl/1VqKIsLClG081eYOkeDWLyMtmoYt0SSg9k6YQ==",
      "dev": true,
      "funding": [
        {
          "type": "github",
          "url": "https://github.com/sponsors/postspectacular"
        },
        {
          "type": "patreon",
          "url": "https://patreon.com/thing_umbrella"
        },
        {
          "type": "liberapay",
          "url": "https://liberapay.com/thi.ng"
        }
      ],
      "license": "Apache-2.0",
      "dependencies": {
        "@thi.ng/api": "^8.11.16",
        "@thi.ng/arrays": "^2.10.10",
        "@thi.ng/binary": "^3.4.39",
        "@thi.ng/bitfield": "^2.3.60",
        "@thi.ng/errors": "^2.5.22",
        "@thi.ng/morton": "^3.1.103",
        "@thi.ng/random": "^4.1.7",
        "@thi.ng/transducers": "^9.2.13"
      },
      "engines": {
        "node": ">=18"
      }
    },
    "node_modules/@thi.ng/hex": {
      "version": "2.3.60",
      "resolved": "https://registry.npmjs.org/@thi.ng/hex/-/hex-2.3.60.tgz",
      "integrity": "sha512-Dt7308rJTeHBDxXdMaILcSMyOP/ZP/zfXrcOWWUxanydy6qnf7PbCfwA2/eqV3QbA0DfJ8C1XIkowHjTueSr4w==",
      "dev": true,
      "funding": [
        {
          "type": "github",
          "url": "https://github.com/sponsors/postspectacular"
        },
        {
          "type": "patreon",
          "url": "https://patreon.com/thing_umbrella"
        },
        {
          "type": "liberapay",
          "url": "https://liberapay.com/thi.ng"
        }
      ],
      "license": "Apache-2.0",
      "engines": {
        "node": ">=18"
      }
    },
    "node_modules/@thi.ng/iterators": {
      "version": "6.1.119",
      "resolved": "https://registry.npmjs.org/@thi.ng/iterators/-/iterators-6.1.119.tgz",
      "integrity": "sha512-TLOfNS6QFA0ugGcfh5KgdaEpnKz5vxKA03Ds8TjV4bcLEK9H14D9v/e96mOOnWYZUYC1HML5EWv4BaOQFB3Tjg==",
      "dev": true,
      "funding": [
        {
          "type": "github",
          "url": "https://github.com/sponsors/postspectacular"
        },
        {
          "type": "patreon",
          "url": "https://patreon.com/thing_umbrella"
        }
      ],
      "license": "Apache-2.0",
      "dependencies": {
        "@thi.ng/api": "^8.11.3",
        "@thi.ng/dcons": "^3.2.114",
        "@thi.ng/errors": "^2.5.8"
      },
      "engines": {
        "node": ">=18"
      }
    },
    "node_modules/@thi.ng/math": {
      "version": "5.11.16",
      "resolved": "https://registry.npmjs.org/@thi.ng/math/-/math-5.11.16.tgz",
      "integrity": "sha512-E/d1IolPUEYRfRpen6DPECfBMPUOON2S/BponP8t2gfLovWj0uKoCtQEEcr09dMsZppKP4jCiDPQWfNxH4oaHQ==",
      "dev": true,
      "funding": [
        {
          "type": "github",
          "url": "https://github.com/sponsors/postspectacular"
        },
        {
          "type": "patreon",
          "url": "https://patreon.com/thing_umbrella"
        },
        {
          "type": "liberapay",
          "url": "https://liberapay.com/thi.ng"
        }
      ],
      "license": "Apache-2.0",
      "dependencies": {
        "@thi.ng/api": "^8.11.16"
      },
      "engines": {
        "node": ">=18"
      }
    },
    "node_modules/@thi.ng/memoize": {
      "version": "4.0.6",
      "resolved": "https://registry.npmjs.org/@thi.ng/memoize/-/memoize-4.0.6.tgz",
      "integrity": "sha512-JkUTRcVcFVJ6Z50CDr7LSEC1zO13li1QVNKddmPKon921UmO2uGbUFQSlkXx7bxEKib6CekzjJ5BuaP+HojbZQ==",
      "dev": true,
      "funding": [
        {
          "type": "github",
          "url": "https://github.com/sponsors/postspectacular"
        },
        {
          "type": "patreon",
          "url": "https://patreon.com/thing_umbrella"
        },
        {
          "type": "liberapay",
          "url": "https://liberapay.com/thi.ng"
        }
      ],
      "license": "Apache-2.0",
      "dependencies": {
        "@thi.ng/api": "^8.11.16"
      },
      "engines": {
        "node": ">=18"
      }
    },
    "node_modules/@thi.ng/morton": {
      "version": "3.1.103",
      "resolved": "https://registry.npmjs.org/@thi.ng/morton/-/morton-3.1.103.tgz",
      "integrity": "sha512-NFV6xiKX/spga2L/HsKIcq0qHY3V765nNxwMTDVyNzyAIs6j6WG+dT4YK96p41J0FIU5ds23YWFYzApVopTcig==",
      "dev": true,
      "funding": [
        {
          "type": "github",
          "url": "https://github.com/sponsors/postspectacular"
        },
        {
          "type": "patreon",
          "url": "https://patreon.com/thing_umbrella"
        },
        {
          "type": "liberapay",
          "url": "https://liberapay.com/thi.ng"
        }
      ],
      "license": "Apache-2.0",
      "dependencies": {
        "@thi.ng/api": "^8.11.16",
        "@thi.ng/binary": "^3.4.39",
        "@thi.ng/errors": "^2.5.22",
        "@thi.ng/math": "^5.11.16"
      },
      "engines": {
        "node": ">=18"
      }
    },
    "node_modules/@thi.ng/random": {
      "version": "4.1.7",
      "resolved": "https://registry.npmjs.org/@thi.ng/random/-/random-4.1.7.tgz",
      "integrity": "sha512-T9/KgOePv4La7btm4wl6Ra7T7SCJJsbLYU+qnh0BsGXfgNhs5E8WtGoxUiayLw0tJFITxetcCXj/7IIGyPOZDA==",
      "dev": true,
      "funding": [
        {
          "type": "github",
          "url": "https://github.com/sponsors/postspectacular"
        },
        {
          "type": "patreon",
          "url": "https://patreon.com/thing_umbrella"
        },
        {
          "type": "liberapay",
          "url": "https://liberapay.com/thi.ng"
        }
      ],
      "license": "Apache-2.0",
      "dependencies": {
        "@thi.ng/api": "^8.11.16",
        "@thi.ng/errors": "^2.5.22"
      },
      "engines": {
        "node": ">=18"
      }
    },
    "node_modules/@thi.ng/strings": {
      "version": "3.9.0",
      "resolved": "https://registry.npmjs.org/@thi.ng/strings/-/strings-3.9.0.tgz",
      "integrity": "sha512-IhMXrumgSYcsjQ0hwonLrCL0x3U2ondTgXAjV69R6px172ep1Rn0ky6rDBWeUl5rNQ82bRFPcZztIcS6IGE/Ww==",
      "dev": true,
      "funding": [
        {
          "type": "github",
          "url": "https://github.com/sponsors/postspectacular"
        },
        {
          "type": "patreon",
          "url": "https://patreon.com/thing_umbrella"
        },
        {
          "type": "liberapay",
          "url": "https://liberapay.com/thi.ng"
        }
      ],
      "license": "Apache-2.0",
      "dependencies": {
        "@thi.ng/api": "^8.11.16",
        "@thi.ng/errors": "^2.5.22",
        "@thi.ng/hex": "^2.3.60",
        "@thi.ng/memoize": "^4.0.6"
      },
      "engines": {
        "node": ">=18"
      }
    },
    "node_modules/@thi.ng/timestamp": {
      "version": "1.1.1",
      "resolved": "https://registry.npmjs.org/@thi.ng/timestamp/-/timestamp-1.1.1.tgz",
      "integrity": "sha512-G2BWQi9ZslQgOi0sNOFjWzcysnqaHYSnowKL9xbyoXfkiC0SscSnI6H5/RgEFQKCsaWF8+LnhRpe/XMoc4gQ+A==",
      "dev": true,
      "funding": [
        {
          "type": "github",
          "url": "https://github.com/sponsors/postspectacular"
        },
        {
          "type": "patreon",
          "url": "https://patreon.com/thing_umbrella"
        },
        {
          "type": "liberapay",
          "url": "https://liberapay.com/thi.ng"
        }
      ],
      "license": "Apache-2.0",
      "engines": {
        "node": ">=18"
      }
    },
    "node_modules/@thi.ng/transducers": {
      "version": "9.2.13",
      "resolved": "https://registry.npmjs.org/@thi.ng/transducers/-/transducers-9.2.13.tgz",
      "integrity": "sha512-Y14vNAi1praoakwODT2J+cyMYCRanrstFWmmgR6GqFCXCvCU7kzz3FhUbAjmeqDIKdmFwSg+O3fAmc1KLTB7eA==",
      "dev": true,
      "funding": [
        {
          "type": "github",
          "url": "https://github.com/sponsors/postspectacular"
        },
        {
          "type": "patreon",
          "url": "https://patreon.com/thing_umbrella"
        },
        {
          "type": "liberapay",
          "url": "https://liberapay.com/thi.ng"
        }
      ],
      "license": "Apache-2.0",
      "dependencies": {
        "@thi.ng/api": "^8.11.16",
        "@thi.ng/arrays": "^2.10.10",
        "@thi.ng/checks": "^3.6.19",
        "@thi.ng/compare": "^2.4.8",
        "@thi.ng/compose": "^3.0.19",
        "@thi.ng/errors": "^2.5.22",
        "@thi.ng/math": "^5.11.16",
        "@thi.ng/random": "^4.1.7",
        "@thi.ng/timestamp": "^1.1.1"
      },
      "engines": {
        "node": ">=18"
      }
    },
    "node_modules/@tweenjs/tween.js": {
      "version": "23.1.3",
      "resolved": "https://registry.npmjs.org/@tweenjs/tween.js/-/tween.js-23.1.3.tgz",
      "integrity": "sha512-vJmvvwFxYuGnF2axRtPYocag6Clbb5YS7kLL+SO/TeVFzHqDIWrNKYtcsPMibjDx9O+bu+psAy9NKfWklassUA==",
      "dev": true,
      "license": "MIT"
    },
    "node_modules/@types/stats.js": {
      "version": "0.17.3",
      "resolved": "https://registry.npmjs.org/@types/stats.js/-/stats.js-0.17.3.tgz",
      "integrity": "sha512-pXNfAD3KHOdif9EQXZ9deK82HVNaXP5ZIF5RP2QG6OQFNTaY2YIetfrE9t528vEreGQvEPRDDc8muaoYeK0SxQ==",
      "dev": true,
      "license": "MIT"
    },
    "node_modules/@types/three": {
      "version": "0.162.0",
      "resolved": "https://registry.npmjs.org/@types/three/-/three-0.162.0.tgz",
      "integrity": "sha512-0j5yZcVukVIhrhSIC7+LmBPkkMoMuEJ1AfYBZfgNytdYqYREMuiyXWhYOMeZLBElTEAlJIZn7r2W3vqTIgjWlg==",
      "dev": true,
      "license": "MIT",
      "dependencies": {
        "@tweenjs/tween.js": "~23.1.1",
        "@types/stats.js": "*",
        "@types/webxr": "*",
        "fflate": "~0.6.10",
        "meshoptimizer": "~0.18.1"
      }
    },
    "node_modules/@types/webxr": {
      "version": "0.5.21",
      "resolved": "https://registry.npmjs.org/@types/webxr/-/webxr-0.5.21.tgz",
      "integrity": "sha512-geZIAtLzjGmgY2JUi6VxXdCrTb99A7yP49lxLr2Nm/uIK0PkkxcEi4OGhoGDO4pxCf3JwGz2GiJL2Ej4K2bKaA==",
      "dev": true,
      "license": "MIT"
    },
    "node_modules/esbuild": {
      "version": "0.18.20",
      "resolved": "https://registry.npmjs.org/esbuild/-/esbuild-0.18.20.tgz",
      "integrity": "sha512-ceqxoedUrcayh7Y7ZX6NdbbDzGROiyVBgC4PriJThBKSVPWnnFHZAkfI1lJT8QFkOwH4qOS2SJkS4wvpGl8BpA==",
      "dev": true,
      "hasInstallScript": true,
      "license": "MIT",
      "bin": {
        "esbuild": "bin/esbuild"
      },
      "engines": {
        "node": ">=12"
      },
      "optionalDependencies": {
        "@esbuild/android-arm": "0.18.20",
        "@esbuild/android-arm64": "0.18.20",
        "@esbuild/android-x64": "0.18.20",
        "@esbuild/darwin-arm64": "0.18.20",
        "@esbuild/darwin-x64": "0.18.20",
        "@esbuild/freebsd-arm64": "0.18.20",
        "@esbuild/freebsd-x64": "0.18.20",
        "@esbuild/linux-arm": "0.18.20",
        "@esbuild/linux-arm64": "0.18.20",
        "@esbuild/linux-ia32": "0.18.20",
        "@esbuild/linux-loong64": "0.18.20",
        "@esbuild/linux-mips64el": "0.18.20",
        "@esbuild/linux-ppc64": "0.18.20",
        "@esbuild/linux-riscv64": "0.18.20",
        "@esbuild/linux-s390x": "0.18.20",
        "@esbuild/linux-x64": "0.18.20",
        "@esbuild/netbsd-x64": "0.18.20",
        "@esbuild/openbsd-x64": "0.18.20",
        "@esbuild/sunos-x64": "0.18.20",
        "@esbuild/win32-arm64": "0.18.20",
        "@esbuild/win32-ia32": "0.18.20",
        "@esbuild/win32-x64": "0.18.20"
      }
    },
    "node_modules/fflate": {
      "version": "0.6.10",
      "resolved": "https://registry.npmjs.org/fflate/-/fflate-0.6.10.tgz",
      "integrity": "sha512-IQrh3lEPM93wVCEczc9SaAOvkmcoQn/G8Bo1e8ZPlY3X3bnAxWaBdvTdvM1hP62iZp0BXWDy4vTAy4fF0+Dlpg==",
      "dev": true,
      "license": "MIT"
    },
    "node_modules/liveprinter-core": {
      "version": "1.0.5",
      "resolved": "git+ssh://git@github.com/pixelpusher/liveprinter-core.git#18ef499c774af02f89738a13eafe84032d2fd103",
      "dev": true,
      "license": "AGPL-3.0-only"
    },
    "node_modules/meshoptimizer": {
      "version": "0.18.1",
      "resolved": "https://registry.npmjs.org/meshoptimizer/-/meshoptimizer-0.18.1.tgz",
      "integrity": "sha512-ZhoIoL7TNV4s5B6+rx5mC//fw8/POGyNxS/DZyCJeiZ12ScLfVwRE/GfsxwiTkMYYD5DmK2/JXnEVXqL4rF+Sw==",
      "dev": true,
      "license": "MIT"
    },
    "node_modules/nanoid": {
      "version": "3.3.8",
      "resolved": "https://registry.npmjs.org/nanoid/-/nanoid-3.3.8.tgz",
      "integrity": "sha512-WNLf5Sd8oZxOm+TzppcYk8gVOgP+l58xNy58D0nbUnOxOWRWvlcCV4kUF7ltmI6PsrLl/BgKEyS4mqsGChFN0w==",
      "dev": true,
      "funding": [
        {
          "type": "github",
          "url": "https://github.com/sponsors/ai"
        }
      ],
      "license": "MIT",
      "bin": {
        "nanoid": "bin/nanoid.cjs"
      },
      "engines": {
        "node": "^10 || ^12 || ^13.7 || ^14 || >=15.0.1"
      }
    },
    "node_modules/picocolors": {
      "version": "1.1.1",
      "resolved": "https://registry.npmjs.org/picocolors/-/picocolors-1.1.1.tgz",
      "integrity": "sha512-xceH2snhtb5M9liqDsmEw56le376mTZkEX/jEb/RxNFyegNul7eNslCXP9FDj/Lcu0X8KEyMceP2ntpaHrDEVA==",
      "dev": true,
      "license": "ISC"
    },
    "node_modules/postcss": {
      "version": "8.5.1",
      "resolved": "https://registry.npmjs.org/postcss/-/postcss-8.5.1.tgz",
      "integrity": "sha512-6oz2beyjc5VMn/KV1pPw8fliQkhBXrVn1Z3TVyqZxU8kZpzEKhBdmCFqI6ZbmGtamQvQGuU1sgPTk8ZrXDD7jQ==",
      "dev": true,
      "funding": [
        {
          "type": "opencollective",
          "url": "https://opencollective.com/postcss/"
        },
        {
          "type": "tidelift",
          "url": "https://tidelift.com/funding/github/npm/postcss"
        },
        {
          "type": "github",
          "url": "https://github.com/sponsors/ai"
        }
      ],
      "license": "MIT",
      "dependencies": {
        "nanoid": "^3.3.8",
        "picocolors": "^1.1.1",
        "source-map-js": "^1.2.1"
      },
      "engines": {
        "node": "^10 || ^12 || >=14"
      }
    },
    "node_modules/rollup": {
      "version": "3.29.5",
      "resolved": "https://registry.npmjs.org/rollup/-/rollup-3.29.5.tgz",
      "integrity": "sha512-GVsDdsbJzzy4S/v3dqWPJ7EfvZJfCHiDqe80IyrF59LYuP+e6U1LJoUqeuqRbwAWoMNoXivMNeNAOf5E22VA1w==",
      "dev": true,
      "license": "MIT",
      "bin": {
        "rollup": "dist/bin/rollup"
      },
      "engines": {
        "node": ">=14.18.0",
        "npm": ">=8.0.0"
      },
      "optionalDependencies": {
        "fsevents": "~2.3.2"
      }
    },
    "node_modules/source-map-js": {
      "version": "1.2.1",
      "resolved": "https://registry.npmjs.org/source-map-js/-/source-map-js-1.2.1.tgz",
      "integrity": "sha512-UXWMKhLOwVKb728IUtQPXxfYU+usdybtUrK/8uGE8CQMvrhOpwvzDBwj0QhSL7MQc7vIsISBG8VQ8+IDQxpfQA==",
      "dev": true,
      "license": "BSD-3-Clause",
      "engines": {
        "node": ">=0.10.0"
      }
    },
    "node_modules/three": {
      "version": "0.152.2",
      "resolved": "https://registry.npmjs.org/three/-/three-0.152.2.tgz",
      "integrity": "sha512-Ff9zIpSfkkqcBcpdiFo2f35vA9ZucO+N8TNacJOqaEE6DrB0eufItVMib8bK8Pcju/ZNT6a7blE1GhTpkdsILw==",
      "dev": true,
      "license": "MIT"
    },
    "node_modules/tslib": {
      "version": "2.8.1",
      "resolved": "https://registry.npmjs.org/tslib/-/tslib-2.8.1.tgz",
      "integrity": "sha512-oJFu94HQb+KVduSUQL7wnpmqnfmLsOA/nAh6b6EH0wCEoK0/mPeXU6c3wKDV83MkOuHPRHtSXKKU99IBazS/2w==",
      "dev": true,
      "license": "0BSD"
    },
    "node_modules/vite": {
      "version": "4.5.5",
      "resolved": "https://registry.npmjs.org/vite/-/vite-4.5.5.tgz",
      "integrity": "sha512-ifW3Lb2sMdX+WU91s3R0FyQlAyLxOzCSCP37ujw0+r5POeHPwe6udWVIElKQq8gk3t7b8rkmvqC6IHBpCff4GQ==",
      "dev": true,
      "license": "MIT",
      "dependencies": {
        "esbuild": "^0.18.10",
        "postcss": "^8.4.27",
        "rollup": "^3.27.1"
      },
      "bin": {
        "vite": "bin/vite.js"
      },
      "engines": {
        "node": "^14.18.0 || >=16.0.0"
      },
      "funding": {
        "url": "https://github.com/vitejs/vite?sponsor=1"
      },
      "optionalDependencies": {
        "fsevents": "~2.3.2"
      },
      "peerDependencies": {
        "@types/node": ">= 14",
        "less": "*",
        "lightningcss": "^1.21.0",
        "sass": "*",
        "stylus": "*",
        "sugarss": "*",
        "terser": "^5.4.0"
      },
      "peerDependenciesMeta": {
        "@types/node": {
          "optional": true
        },
        "less": {
          "optional": true
        },
        "lightningcss": {
          "optional": true
        },
        "sass": {
          "optional": true
        },
        "stylus": {
          "optional": true
        },
        "sugarss": {
          "optional": true
        },
        "terser": {
          "optional": true
        }
      }
    }
  }
}
